// !$*UTF8*$!
{
	archiveVersion = 1;
	classes = {
	};
	objectVersion = 46;
	objects = {

/* Begin PBXBuildFile section */
		B3110FFF1891BE6C00045A86 /* PhotoFetcher.m in Sources */ = {isa = PBXBuildFile; fileRef = B3110FFE1891BE6C00045A86 /* PhotoFetcher.m */; };
		B31110021891D23600045A86 /* PhotoClustersViewController.m in Sources */ = {isa = PBXBuildFile; fileRef = B31110011891D23600045A86 /* PhotoClustersViewController.m */; };
		B31110051891D67F00045A86 /* ClusterCollectionCell.m in Sources */ = {isa = PBXBuildFile; fileRef = B31110041891D67F00045A86 /* ClusterCollectionCell.m */; };
		B31110091891F58B00045A86 /* FastScroller.m in Sources */ = {isa = PBXBuildFile; fileRef = B31110081891F58B00045A86 /* FastScroller.m */; };
		B33AEDC818A03AFF00178C6F /* SinglePhotoViewController.m in Sources */ = {isa = PBXBuildFile; fileRef = B33AEDC718A03AFF00178C6F /* SinglePhotoViewController.m */; };
		B33AEDCB18A03DD400178C6F /* ClusterCollectionCellManager.m in Sources */ = {isa = PBXBuildFile; fileRef = B33AEDCA18A03DD400178C6F /* ClusterCollectionCellManager.m */; };
		B33AEDCE18A068BF00178C6F /* ModalTransitionAnimator.m in Sources */ = {isa = PBXBuildFile; fileRef = B33AEDCD18A068BF00178C6F /* ModalTransitionAnimator.m */; };
		B3697D751896E1DB007B9B87 /* FastScrollerThumb.m in Sources */ = {isa = PBXBuildFile; fileRef = B3697D741896E1DB007B9B87 /* FastScrollerThumb.m */; };
		B3697D781896E5EF007B9B87 /* ClusterCollectionCellHeaderView.m in Sources */ = {isa = PBXBuildFile; fileRef = B3697D771896E5EF007B9B87 /* ClusterCollectionCellHeaderView.m */; };
		B38DE41118A17B700055F5BA /* SettingsViewController.m in Sources */ = {isa = PBXBuildFile; fileRef = B38DE41018A17B700055F5BA /* SettingsViewController.m */; };
		B38DE41418A17C8C0055F5BA /* ZoomOutPhotoViewController.m in Sources */ = {isa = PBXBuildFile; fileRef = B38DE41318A17C8C0055F5BA /* ZoomOutPhotoViewController.m */; };
		B38DE41718A17DE30055F5BA /* ZoomOutPhotoTableViewCell.m in Sources */ = {isa = PBXBuildFile; fileRef = B38DE41618A17DE30055F5BA /* ZoomOutPhotoTableViewCell.m */; };
		B39507DF178B98FB00C44194 /* UIKit.framework in Frameworks */ = {isa = PBXBuildFile; fileRef = B39507DE178B98FB00C44194 /* UIKit.framework */; };
		B39507E1178B98FB00C44194 /* Foundation.framework in Frameworks */ = {isa = PBXBuildFile; fileRef = B39507E0178B98FB00C44194 /* Foundation.framework */; };
		B39507E3178B98FB00C44194 /* CoreGraphics.framework in Frameworks */ = {isa = PBXBuildFile; fileRef = B39507E2178B98FB00C44194 /* CoreGraphics.framework */; };
		B39507E9178B98FB00C44194 /* InfoPlist.strings in Resources */ = {isa = PBXBuildFile; fileRef = B39507E7178B98FB00C44194 /* InfoPlist.strings */; };
		B39507EB178B98FB00C44194 /* main.m in Sources */ = {isa = PBXBuildFile; fileRef = B39507EA178B98FB00C44194 /* main.m */; };
		B39507EF178B98FB00C44194 /* AppDelegate.m in Sources */ = {isa = PBXBuildFile; fileRef = B39507EE178B98FB00C44194 /* AppDelegate.m */; };
		B39507F1178B98FB00C44194 /* Default.png in Resources */ = {isa = PBXBuildFile; fileRef = B39507F0178B98FB00C44194 /* Default.png */; };
		B39507F3178B98FB00C44194 /* Default@2x.png in Resources */ = {isa = PBXBuildFile; fileRef = B39507F2178B98FB00C44194 /* Default@2x.png */; };
		B39507F5178B98FB00C44194 /* Default-568h@2x.png in Resources */ = {isa = PBXBuildFile; fileRef = B39507F4178B98FB00C44194 /* Default-568h@2x.png */; };
		B39507F8178B98FB00C44194 /* PhotoGridViewController.m in Sources */ = {isa = PBXBuildFile; fileRef = B39507F7178B98FB00C44194 /* PhotoGridViewController.m */; };
		B3950802178B992C00C44194 /* AssetsLibrary.framework in Frameworks */ = {isa = PBXBuildFile; fileRef = B3950801178B992C00C44194 /* AssetsLibrary.framework */; };
		B3A9797C178CD6EC00775714 /* PhotoCollectionCell.m in Sources */ = {isa = PBXBuildFile; fileRef = B3A9797B178CD6EC00775714 /* PhotoCollectionCell.m */; };
/* End PBXBuildFile section */

/* Begin PBXFileReference section */
		B3110FFD1891BE6C00045A86 /* PhotoFetcher.h */ = {isa = PBXFileReference; fileEncoding = 4; lastKnownFileType = sourcecode.c.h; path = PhotoFetcher.h; sourceTree = "<group>"; };
		B3110FFE1891BE6C00045A86 /* PhotoFetcher.m */ = {isa = PBXFileReference; fileEncoding = 4; lastKnownFileType = sourcecode.c.objc; path = PhotoFetcher.m; sourceTree = "<group>"; };
		B31110001891D23600045A86 /* PhotoClustersViewController.h */ = {isa = PBXFileReference; fileEncoding = 4; lastKnownFileType = sourcecode.c.h; path = PhotoClustersViewController.h; sourceTree = "<group>"; };
		B31110011891D23600045A86 /* PhotoClustersViewController.m */ = {isa = PBXFileReference; fileEncoding = 4; lastKnownFileType = sourcecode.c.objc; path = PhotoClustersViewController.m; sourceTree = "<group>"; };
		B31110031891D67F00045A86 /* ClusterCollectionCell.h */ = {isa = PBXFileReference; fileEncoding = 4; lastKnownFileType = sourcecode.c.h; path = ClusterCollectionCell.h; sourceTree = "<group>"; };
		B31110041891D67F00045A86 /* ClusterCollectionCell.m */ = {isa = PBXFileReference; fileEncoding = 4; lastKnownFileType = sourcecode.c.objc; path = ClusterCollectionCell.m; sourceTree = "<group>"; };
		B31110071891F58B00045A86 /* FastScroller.h */ = {isa = PBXFileReference; fileEncoding = 4; lastKnownFileType = sourcecode.c.h; path = FastScroller.h; sourceTree = "<group>"; };
		B31110081891F58B00045A86 /* FastScroller.m */ = {isa = PBXFileReference; fileEncoding = 4; lastKnownFileType = sourcecode.c.objc; path = FastScroller.m; sourceTree = "<group>"; };
		B33AEDC618A03AFF00178C6F /* SinglePhotoViewController.h */ = {isa = PBXFileReference; fileEncoding = 4; lastKnownFileType = sourcecode.c.h; path = SinglePhotoViewController.h; sourceTree = "<group>"; };
		B33AEDC718A03AFF00178C6F /* SinglePhotoViewController.m */ = {isa = PBXFileReference; fileEncoding = 4; lastKnownFileType = sourcecode.c.objc; path = SinglePhotoViewController.m; sourceTree = "<group>"; };
		B33AEDC918A03DD400178C6F /* ClusterCollectionCellManager.h */ = {isa = PBXFileReference; fileEncoding = 4; lastKnownFileType = sourcecode.c.h; path = ClusterCollectionCellManager.h; sourceTree = "<group>"; };
		B33AEDCA18A03DD400178C6F /* ClusterCollectionCellManager.m */ = {isa = PBXFileReference; fileEncoding = 4; lastKnownFileType = sourcecode.c.objc; path = ClusterCollectionCellManager.m; sourceTree = "<group>"; };
		B33AEDCC18A068BF00178C6F /* ModalTransitionAnimator.h */ = {isa = PBXFileReference; fileEncoding = 4; lastKnownFileType = sourcecode.c.h; path = ModalTransitionAnimator.h; sourceTree = "<group>"; };
		B33AEDCD18A068BF00178C6F /* ModalTransitionAnimator.m */ = {isa = PBXFileReference; fileEncoding = 4; lastKnownFileType = sourcecode.c.objc; path = ModalTransitionAnimator.m; sourceTree = "<group>"; };
		B3697D731896E1DB007B9B87 /* FastScrollerThumb.h */ = {isa = PBXFileReference; fileEncoding = 4; lastKnownFileType = sourcecode.c.h; path = FastScrollerThumb.h; sourceTree = "<group>"; };
		B3697D741896E1DB007B9B87 /* FastScrollerThumb.m */ = {isa = PBXFileReference; fileEncoding = 4; lastKnownFileType = sourcecode.c.objc; path = FastScrollerThumb.m; sourceTree = "<group>"; };
		B3697D761896E5EF007B9B87 /* ClusterCollectionCellHeaderView.h */ = {isa = PBXFileReference; fileEncoding = 4; lastKnownFileType = sourcecode.c.h; path = ClusterCollectionCellHeaderView.h; sourceTree = "<group>"; };
		B3697D771896E5EF007B9B87 /* ClusterCollectionCellHeaderView.m */ = {isa = PBXFileReference; fileEncoding = 4; lastKnownFileType = sourcecode.c.objc; path = ClusterCollectionCellHeaderView.m; sourceTree = "<group>"; };
		B38DE40F18A17B700055F5BA /* SettingsViewController.h */ = {isa = PBXFileReference; fileEncoding = 4; lastKnownFileType = sourcecode.c.h; path = SettingsViewController.h; sourceTree = "<group>"; };
		B38DE41018A17B700055F5BA /* SettingsViewController.m */ = {isa = PBXFileReference; fileEncoding = 4; lastKnownFileType = sourcecode.c.objc; path = SettingsViewController.m; sourceTree = "<group>"; };
		B38DE41218A17C8C0055F5BA /* ZoomOutPhotoViewController.h */ = {isa = PBXFileReference; fileEncoding = 4; lastKnownFileType = sourcecode.c.h; path = ZoomOutPhotoViewController.h; sourceTree = "<group>"; };
		B38DE41318A17C8C0055F5BA /* ZoomOutPhotoViewController.m */ = {isa = PBXFileReference; fileEncoding = 4; lastKnownFileType = sourcecode.c.objc; path = ZoomOutPhotoViewController.m; sourceTree = "<group>"; };
		B38DE41518A17DE30055F5BA /* ZoomOutPhotoTableViewCell.h */ = {isa = PBXFileReference; fileEncoding = 4; lastKnownFileType = sourcecode.c.h; path = ZoomOutPhotoTableViewCell.h; sourceTree = "<group>"; };
		B38DE41618A17DE30055F5BA /* ZoomOutPhotoTableViewCell.m */ = {isa = PBXFileReference; fileEncoding = 4; lastKnownFileType = sourcecode.c.objc; path = ZoomOutPhotoTableViewCell.m; sourceTree = "<group>"; };
		B39507DB178B98FB00C44194 /* PhotoWall.app */ = {isa = PBXFileReference; explicitFileType = wrapper.application; includeInIndex = 0; path = PhotoWall.app; sourceTree = BUILT_PRODUCTS_DIR; };
		B39507DE178B98FB00C44194 /* UIKit.framework */ = {isa = PBXFileReference; lastKnownFileType = wrapper.framework; name = UIKit.framework; path = System/Library/Frameworks/UIKit.framework; sourceTree = SDKROOT; };
		B39507E0178B98FB00C44194 /* Foundation.framework */ = {isa = PBXFileReference; lastKnownFileType = wrapper.framework; name = Foundation.framework; path = System/Library/Frameworks/Foundation.framework; sourceTree = SDKROOT; };
		B39507E2178B98FB00C44194 /* CoreGraphics.framework */ = {isa = PBXFileReference; lastKnownFileType = wrapper.framework; name = CoreGraphics.framework; path = System/Library/Frameworks/CoreGraphics.framework; sourceTree = SDKROOT; };
		B39507E6178B98FB00C44194 /* PhotoWall-Info.plist */ = {isa = PBXFileReference; lastKnownFileType = text.plist.xml; path = "PhotoWall-Info.plist"; sourceTree = "<group>"; };
		B39507E8178B98FB00C44194 /* en */ = {isa = PBXFileReference; lastKnownFileType = text.plist.strings; name = en; path = en.lproj/InfoPlist.strings; sourceTree = "<group>"; };
		B39507EA178B98FB00C44194 /* main.m */ = {isa = PBXFileReference; lastKnownFileType = sourcecode.c.objc; path = main.m; sourceTree = "<group>"; };
		B39507EC178B98FB00C44194 /* PhotoWall-Prefix.pch */ = {isa = PBXFileReference; lastKnownFileType = sourcecode.c.h; path = "PhotoWall-Prefix.pch"; sourceTree = "<group>"; };
		B39507ED178B98FB00C44194 /* AppDelegate.h */ = {isa = PBXFileReference; lastKnownFileType = sourcecode.c.h; path = AppDelegate.h; sourceTree = "<group>"; };
		B39507EE178B98FB00C44194 /* AppDelegate.m */ = {isa = PBXFileReference; lastKnownFileType = sourcecode.c.objc; path = AppDelegate.m; sourceTree = "<group>"; };
		B39507F0178B98FB00C44194 /* Default.png */ = {isa = PBXFileReference; lastKnownFileType = image.png; path = Default.png; sourceTree = "<group>"; };
		B39507F2178B98FB00C44194 /* Default@2x.png */ = {isa = PBXFileReference; lastKnownFileType = image.png; path = "Default@2x.png"; sourceTree = "<group>"; };
		B39507F4178B98FB00C44194 /* Default-568h@2x.png */ = {isa = PBXFileReference; lastKnownFileType = image.png; path = "Default-568h@2x.png"; sourceTree = "<group>"; };
		B39507F6178B98FB00C44194 /* PhotoGridViewController.h */ = {isa = PBXFileReference; lastKnownFileType = sourcecode.c.h; path = PhotoGridViewController.h; sourceTree = "<group>"; };
		B39507F7178B98FB00C44194 /* PhotoGridViewController.m */ = {isa = PBXFileReference; lastKnownFileType = sourcecode.c.objc; path = PhotoGridViewController.m; sourceTree = "<group>"; };
		B3950801178B992C00C44194 /* AssetsLibrary.framework */ = {isa = PBXFileReference; lastKnownFileType = wrapper.framework; name = AssetsLibrary.framework; path = System/Library/Frameworks/AssetsLibrary.framework; sourceTree = SDKROOT; };
		B3A9797A178CD6EC00775714 /* PhotoCollectionCell.h */ = {isa = PBXFileReference; fileEncoding = 4; lastKnownFileType = sourcecode.c.h; path = PhotoCollectionCell.h; sourceTree = "<group>"; };
		B3A9797B178CD6EC00775714 /* PhotoCollectionCell.m */ = {isa = PBXFileReference; fileEncoding = 4; lastKnownFileType = sourcecode.c.objc; path = PhotoCollectionCell.m; sourceTree = "<group>"; };
/* End PBXFileReference section */

/* Begin PBXFrameworksBuildPhase section */
		B39507D8178B98FB00C44194 /* Frameworks */ = {
			isa = PBXFrameworksBuildPhase;
			buildActionMask = 2147483647;
			files = (
				B3950802178B992C00C44194 /* AssetsLibrary.framework in Frameworks */,
				B39507DF178B98FB00C44194 /* UIKit.framework in Frameworks */,
				B39507E1178B98FB00C44194 /* Foundation.framework in Frameworks */,
				B39507E3178B98FB00C44194 /* CoreGraphics.framework in Frameworks */,
			);
			runOnlyForDeploymentPostprocessing = 0;
		};
/* End PBXFrameworksBuildPhase section */

/* Begin PBXGroup section */
		B3110FFA1891AC3F00045A86 /* Grid CollectionVC */ = {
			isa = PBXGroup;
			children = (
				B39507F6178B98FB00C44194 /* PhotoGridViewController.h */,
				B39507F7178B98FB00C44194 /* PhotoGridViewController.m */,
			);
			name = "Grid CollectionVC";
			sourceTree = "<group>";
		};
		B3110FFB1891AC5200045A86 /* Views and Cells */ = {
			isa = PBXGroup;
			children = (
				B3697D761896E5EF007B9B87 /* ClusterCollectionCellHeaderView.h */,
				B3697D771896E5EF007B9B87 /* ClusterCollectionCellHeaderView.m */,
				B31110031891D67F00045A86 /* ClusterCollectionCell.h */,
				B31110041891D67F00045A86 /* ClusterCollectionCell.m */,
				B3A9797A178CD6EC00775714 /* PhotoCollectionCell.h */,
				B3A9797B178CD6EC00775714 /* PhotoCollectionCell.m */,
			);
			name = "Views and Cells";
			sourceTree = "<group>";
		};
		B3110FFC1891AC5D00045A86 /* Nested CollectionVC */ = {
			isa = PBXGroup;
			children = (
				B31110001891D23600045A86 /* PhotoClustersViewController.h */,
				B31110011891D23600045A86 /* PhotoClustersViewController.m */,
				B33AEDC918A03DD400178C6F /* ClusterCollectionCellManager.h */,
				B33AEDCA18A03DD400178C6F /* ClusterCollectionCellManager.m */,
			);
			name = "Nested CollectionVC";
			sourceTree = "<group>";
		};
		B31110061891F3F800045A86 /* Fast Scroller */ = {
			isa = PBXGroup;
			children = (
				B31110071891F58B00045A86 /* FastScroller.h */,
				B31110081891F58B00045A86 /* FastScroller.m */,
				B3697D731896E1DB007B9B87 /* FastScrollerThumb.h */,
				B3697D741896E1DB007B9B87 /* FastScrollerThumb.m */,
			);
			name = "Fast Scroller";
			sourceTree = "<group>";
		};
		B38DE41818A1B5570055F5BA /* ZoomedOut VC */ = {
			isa = PBXGroup;
			children = (
				B38DE41218A17C8C0055F5BA /* ZoomOutPhotoViewController.h */,
				B38DE41318A17C8C0055F5BA /* ZoomOutPhotoViewController.m */,
				B38DE41518A17DE30055F5BA /* ZoomOutPhotoTableViewCell.h */,
				B38DE41618A17DE30055F5BA /* ZoomOutPhotoTableViewCell.m */,
			);
			name = "ZoomedOut VC";
			sourceTree = "<group>";
		};
		B38DE41918A1B56C0055F5BA /* Model */ = {
			isa = PBXGroup;
			children = (
				B3110FFD1891BE6C00045A86 /* PhotoFetcher.h */,
				B3110FFE1891BE6C00045A86 /* PhotoFetcher.m */,
			);
			name = Model;
			sourceTree = "<group>";
		};
		B38DE41A18A1B7D40055F5BA /* Controllers */ = {
			isa = PBXGroup;
			children = (
				B38DE41D18A1B95D0055F5BA /* SinglePhoto VC */,
				B38DE41818A1B5570055F5BA /* ZoomedOut VC */,
				B3110FFA1891AC3F00045A86 /* Grid CollectionVC */,
				B3110FFC1891AC5D00045A86 /* Nested CollectionVC */,
				B38DE41B18A1B8090055F5BA /* Settings VC */,
			);
			name = Controllers;
			sourceTree = "<group>";
		};
		B38DE41B18A1B8090055F5BA /* Settings VC */ = {
			isa = PBXGroup;
			children = (
				B38DE40F18A17B700055F5BA /* SettingsViewController.h */,
				B38DE41018A17B700055F5BA /* SettingsViewController.m */,
			);
			name = "Settings VC";
			sourceTree = "<group>";
		};
		B38DE41C18A1B9250055F5BA /* Transitioning */ = {
			isa = PBXGroup;
			children = (
				B33AEDCC18A068BF00178C6F /* ModalTransitionAnimator.h */,
				B33AEDCD18A068BF00178C6F /* ModalTransitionAnimator.m */,
			);
			name = Transitioning;
			sourceTree = "<group>";
		};
		B38DE41D18A1B95D0055F5BA /* SinglePhoto VC */ = {
			isa = PBXGroup;
			children = (
				B33AEDC618A03AFF00178C6F /* SinglePhotoViewController.h */,
				B33AEDC718A03AFF00178C6F /* SinglePhotoViewController.m */,
			);
			name = "SinglePhoto VC";
			sourceTree = "<group>";
		};
		B39507D2178B98FB00C44194 = {
			isa = PBXGroup;
			children = (
				B39507E4178B98FB00C44194 /* PhotoWall */,
				B39507DD178B98FB00C44194 /* Frameworks */,
				B39507DC178B98FB00C44194 /* Products */,
			);
			sourceTree = "<group>";
		};
		B39507DC178B98FB00C44194 /* Products */ = {
			isa = PBXGroup;
			children = (
				B39507DB178B98FB00C44194 /* PhotoWall.app */,
			);
			name = Products;
			sourceTree = "<group>";
		};
		B39507DD178B98FB00C44194 /* Frameworks */ = {
			isa = PBXGroup;
			children = (
				B39507DE178B98FB00C44194 /* UIKit.framework */,
				B39507E0178B98FB00C44194 /* Foundation.framework */,
				B39507E2178B98FB00C44194 /* CoreGraphics.framework */,
				B3950801178B992C00C44194 /* AssetsLibrary.framework */,
			);
			name = Frameworks;
			sourceTree = "<group>";
		};
		B39507E4178B98FB00C44194 /* PhotoWall */ = {
			isa = PBXGroup;
			children = (
				B39507ED178B98FB00C44194 /* AppDelegate.h */,
				B39507EE178B98FB00C44194 /* AppDelegate.m */,
				B38DE41918A1B56C0055F5BA /* Model */,
				B38DE41A18A1B7D40055F5BA /* Controllers */,
				B3110FFB1891AC5200045A86 /* Views and Cells */,
				B38DE41C18A1B9250055F5BA /* Transitioning */,
				B31110061891F3F800045A86 /* Fast Scroller */,
				B39507E5178B98FB00C44194 /* Supporting Files */,
			);
			path = PhotoWall;
			sourceTree = "<group>";
		};
		B39507E5178B98FB00C44194 /* Supporting Files */ = {
			isa = PBXGroup;
			children = (
				B39507E6178B98FB00C44194 /* PhotoWall-Info.plist */,
				B39507E7178B98FB00C44194 /* InfoPlist.strings */,
				B39507EA178B98FB00C44194 /* main.m */,
				B39507EC178B98FB00C44194 /* PhotoWall-Prefix.pch */,
				B39507F0178B98FB00C44194 /* Default.png */,
				B39507F2178B98FB00C44194 /* Default@2x.png */,
				B39507F4178B98FB00C44194 /* Default-568h@2x.png */,
			);
			name = "Supporting Files";
			sourceTree = "<group>";
		};
/* End PBXGroup section */

/* Begin PBXNativeTarget section */
		B39507DA178B98FB00C44194 /* PhotoWall */ = {
			isa = PBXNativeTarget;
			buildConfigurationList = B39507FE178B98FB00C44194 /* Build configuration list for PBXNativeTarget "PhotoWall" */;
			buildPhases = (
				B39507D7178B98FB00C44194 /* Sources */,
				B39507D8178B98FB00C44194 /* Frameworks */,
				B39507D9178B98FB00C44194 /* Resources */,
			);
			buildRules = (
			);
			dependencies = (
			);
			name = PhotoWall;
			productName = PhotoWall;
			productReference = B39507DB178B98FB00C44194 /* PhotoWall.app */;
			productType = "com.apple.product-type.application";
		};
/* End PBXNativeTarget section */

/* Begin PBXProject section */
		B39507D3178B98FB00C44194 /* Project object */ = {
			isa = PBXProject;
			attributes = {
				LastUpgradeCheck = 0460;
				ORGANIZATIONNAME = "Andy Wang";
			};
			buildConfigurationList = B39507D6178B98FB00C44194 /* Build configuration list for PBXProject "PhotoWall" */;
			compatibilityVersion = "Xcode 3.2";
			developmentRegion = English;
			hasScannedForEncodings = 0;
			knownRegions = (
				en,
			);
			mainGroup = B39507D2178B98FB00C44194;
			productRefGroup = B39507DC178B98FB00C44194 /* Products */;
			projectDirPath = "";
			projectRoot = "";
			targets = (
				B39507DA178B98FB00C44194 /* PhotoWall */,
			);
		};
/* End PBXProject section */

/* Begin PBXResourcesBuildPhase section */
		B39507D9178B98FB00C44194 /* Resources */ = {
			isa = PBXResourcesBuildPhase;
			buildActionMask = 2147483647;
			files = (
				B39507E9178B98FB00C44194 /* InfoPlist.strings in Resources */,
				B39507F1178B98FB00C44194 /* Default.png in Resources */,
				B39507F3178B98FB00C44194 /* Default@2x.png in Resources */,
				B39507F5178B98FB00C44194 /* Default-568h@2x.png in Resources */,
			);
			runOnlyForDeploymentPostprocessing = 0;
		};
/* End PBXResourcesBuildPhase section */

/* Begin PBXSourcesBuildPhase section */
		B39507D7178B98FB00C44194 /* Sources */ = {
			isa = PBXSourcesBuildPhase;
			buildActionMask = 2147483647;
			files = (
				B33AEDCB18A03DD400178C6F /* ClusterCollectionCellManager.m in Sources */,
				B38DE41718A17DE30055F5BA /* ZoomOutPhotoTableViewCell.m in Sources */,
				B31110051891D67F00045A86 /* ClusterCollectionCell.m in Sources */,
				B39507EB178B98FB00C44194 /* main.m in Sources */,
				B3697D751896E1DB007B9B87 /* FastScrollerThumb.m in Sources */,
				B39507EF178B98FB00C44194 /* AppDelegate.m in Sources */,
				B3697D781896E5EF007B9B87 /* ClusterCollectionCellHeaderView.m in Sources */,
				B33AEDC818A03AFF00178C6F /* SinglePhotoViewController.m in Sources */,
				B3110FFF1891BE6C00045A86 /* PhotoFetcher.m in Sources */,
				B33AEDCE18A068BF00178C6F /* ModalTransitionAnimator.m in Sources */,
				B39507F8178B98FB00C44194 /* PhotoGridViewController.m in Sources */,
				B31110091891F58B00045A86 /* FastScroller.m in Sources */,
				B38DE41118A17B700055F5BA /* SettingsViewController.m in Sources */,
				B38DE41418A17C8C0055F5BA /* ZoomOutPhotoViewController.m in Sources */,
				B3A9797C178CD6EC00775714 /* PhotoCollectionCell.m in Sources */,
				B31110021891D23600045A86 /* PhotoClustersViewController.m in Sources */,
			);
			runOnlyForDeploymentPostprocessing = 0;
		};
/* End PBXSourcesBuildPhase section */

/* Begin PBXVariantGroup section */
		B39507E7178B98FB00C44194 /* InfoPlist.strings */ = {
			isa = PBXVariantGroup;
			children = (
				B39507E8178B98FB00C44194 /* en */,
			);
			name = InfoPlist.strings;
			sourceTree = "<group>";
		};
/* End PBXVariantGroup section */

/* Begin XCBuildConfiguration section */
		B39507FC178B98FB00C44194 /* Debug */ = {
			isa = XCBuildConfiguration;
			buildSettings = {
				ALWAYS_SEARCH_USER_PATHS = NO;
				CLANG_CXX_LANGUAGE_STANDARD = "gnu++0x";
				CLANG_CXX_LIBRARY = "libc++";
				CLANG_ENABLE_OBJC_ARC = YES;
				CLANG_WARN_CONSTANT_CONVERSION = YES;
				CLANG_WARN_EMPTY_BODY = YES;
				CLANG_WARN_ENUM_CONVERSION = YES;
				CLANG_WARN_INT_CONVERSION = YES;
				CLANG_WARN__DUPLICATE_METHOD_MATCH = YES;
				"CODE_SIGN_IDENTITY[sdk=iphoneos*]" = "iPhone Developer";
				COPY_PHASE_STRIP = NO;
				GCC_C_LANGUAGE_STANDARD = gnu99;
				GCC_DYNAMIC_NO_PIC = NO;
				GCC_OPTIMIZATION_LEVEL = 0;
				GCC_PREPROCESSOR_DEFINITIONS = (
					"DEBUG=1",
					"$(inherited)",
				);
				GCC_SYMBOLS_PRIVATE_EXTERN = NO;
				GCC_WARN_ABOUT_RETURN_TYPE = YES;
				GCC_WARN_UNINITIALIZED_AUTOS = YES;
				GCC_WARN_UNUSED_VARIABLE = YES;
				IPHONEOS_DEPLOYMENT_TARGET = 6.0;
				ONLY_ACTIVE_ARCH = YES;
				SDKROOT = iphoneos;
			};
			name = Debug;
		};
		B39507FD178B98FB00C44194 /* Release */ = {
			isa = XCBuildConfiguration;
			buildSettings = {
				ALWAYS_SEARCH_USER_PATHS = NO;
				CLANG_CXX_LANGUAGE_STANDARD = "gnu++0x";
				CLANG_CXX_LIBRARY = "libc++";
				CLANG_ENABLE_OBJC_ARC = YES;
				CLANG_WARN_CONSTANT_CONVERSION = YES;
				CLANG_WARN_EMPTY_BODY = YES;
				CLANG_WARN_ENUM_CONVERSION = YES;
				CLANG_WARN_INT_CONVERSION = YES;
				CLANG_WARN__DUPLICATE_METHOD_MATCH = YES;
				"CODE_SIGN_IDENTITY[sdk=iphoneos*]" = "iPhone Developer";
				COPY_PHASE_STRIP = YES;
				GCC_C_LANGUAGE_STANDARD = gnu99;
				GCC_WARN_ABOUT_RETURN_TYPE = YES;
				GCC_WARN_UNINITIALIZED_AUTOS = YES;
				GCC_WARN_UNUSED_VARIABLE = YES;
				IPHONEOS_DEPLOYMENT_TARGET = 6.0;
				OTHER_CFLAGS = "-DNS_BLOCK_ASSERTIONS=1";
				SDKROOT = iphoneos;
				VALIDATE_PRODUCT = YES;
			};
			name = Release;
		};
		B39507FF178B98FB00C44194 /* Debug */ = {
			isa = XCBuildConfiguration;
			buildSettings = {
				GCC_PRECOMPILE_PREFIX_HEADER = YES;
				GCC_PREFIX_HEADER = "PhotoWall/PhotoWall-Prefix.pch";
				INFOPLIST_FILE = "PhotoWall/PhotoWall-Info.plist";
				IPHONEOS_DEPLOYMENT_TARGET = 6.1;
				PRODUCT_NAME = "$(TARGET_NAME)";
				TARGETED_DEVICE_FAMILY = "1,2";
				WRAPPER_EXTENSION = app;
			};
			name = Debug;
		};
		B3950800178B98FB00C44194 /* Release */ = {
			isa = XCBuildConfiguration;
			buildSettings = {
				GCC_PRECOMPILE_PREFIX_HEADER = YES;
				GCC_PREFIX_HEADER = "PhotoWall/PhotoWall-Prefix.pch";
				INFOPLIST_FILE = "PhotoWall/PhotoWall-Info.plist";
				IPHONEOS_DEPLOYMENT_TARGET = 6.1;
				PRODUCT_NAME = "$(TARGET_NAME)";
				TARGETED_DEVICE_FAMILY = "1,2";
				WRAPPER_EXTENSION = app;
			};
			name = Release;
		};
/* End XCBuildConfiguration section */

/* Begin XCConfigurationList section */
		B39507D6178B98FB00C44194 /* Build configuration list for PBXProject "PhotoWall" */ = {
			isa = XCConfigurationList;
			buildConfigurations = (
				B39507FC178B98FB00C44194 /* Debug */,
				B39507FD178B98FB00C44194 /* Release */,
			);
			defaultConfigurationIsVisible = 0;
			defaultConfigurationName = Release;
		};
		B39507FE178B98FB00C44194 /* Build configuration list for PBXNativeTarget "PhotoWall" */ = {
			isa = XCConfigurationList;
			buildConfigurations = (
				B39507FF178B98FB00C44194 /* Debug */,
				B3950800178B98FB00C44194 /* Release */,
			);
			defaultConfigurationIsVisible = 0;
			defaultConfigurationName = Release;
		};
/* End XCConfigurationList section */
	};
	rootObject = B39507D3178B98FB00C44194 /* Project object */;
}
